version = 1
revision = 1
requires-python = ">=3.11"

[[package]]
name = "datascience-folder-structure"
version = "0.1.0"
source = { editable = "." }
dependencies = [
    { name = "path" },
    { name = "toml" },
]

[package.metadata]
requires-dist = [
    { name = "path", specifier = ">=17.1.1" },
    { name = "toml", specifier = ">=0.10.2" },
]

[[package]]
name = "path"
version = "17.1.1"
source = { registry = "https://pypi.org/simple" }
sdist = { url = "https://files.pythonhosted.org/packages/dd/52/a7bdd5ef8488977d354b7915d1e75009bebbd04f73eff14e52372d5e9435/path-17.1.1.tar.gz", hash = "sha256:2dfcbfec8b4d960f3469c52acf133113c2a8bf12ac7b98d629fa91af87248d42", size = 50528 }
wheels = [
    { url = "https://files.pythonhosted.org/packages/7c/50/11c9ee1ede64b45d687fd36eb8768dafc57afc78b4d83396920cfd69ed30/path-17.1.1-py3-none-any.whl", hash = "sha256:ec7e136df29172e5030dd07e037d55f676bdb29d15bfa09b80da29d07d3b9303", size = 23936 },
]

[[package]]
name = "toml"
version = "0.10.2"
source = { registry = "https://pypi.org/simple" }
sdist = { url = "https://files.pythonhosted.org/packages/be/ba/1f744cdc819428fc6b5084ec34d9b30660f6f9daaf70eead706e3203ec3c/toml-0.10.2.tar.gz", hash = "sha256:b3bda1d108d5dd99f4a20d24d9c348e91c4db7ab1b749200bded2f839ccbe68f", size = 22253 }
wheels = [
    { url = "https://files.pythonhosted.org/packages/44/6f/7120676b6d73228c96e17f1f794d8ab046fc910d781c8d151120c3f1569e/toml-0.10.2-py2.py3-none-any.whl", hash = "sha256:806143ae5bfb6a3c6e736a764057db0e6a0e05e338b5630894a5f779cabb4f9b", size = 16588 },
]
